// !$*UTF8*$!
{
	archiveVersion = 1;
	classes = {
	};
	objectVersion = 55;
	objects = {

/* Begin PBXBuildFile section */
		49595E312852D92300C4143C /* Scene.swift in Sources */ = {isa = PBXBuildFile; fileRef = 49595E302852D92300C4143C /* Scene.swift */; };
		49595E332852D95500C4143C /* Renderer.swift in Sources */ = {isa = PBXBuildFile; fileRef = 49595E322852D95500C4143C /* Renderer.swift */; };
		49595E352852E42700C4143C /* Math.swift in Sources */ = {isa = PBXBuildFile; fileRef = 49595E342852E42700C4143C /* Math.swift */; };
		49595E372858BFB300C4143C /* BoidMesh.swift in Sources */ = {isa = PBXBuildFile; fileRef = 49595E362858BFB300C4143C /* BoidMesh.swift */; };
		496280022850DA85003840E2 /* AppDelegate.swift in Sources */ = {isa = PBXBuildFile; fileRef = 496280012850DA85003840E2 /* AppDelegate.swift */; };
		496280042850DA85003840E2 /* ViewController.swift in Sources */ = {isa = PBXBuildFile; fileRef = 496280032850DA85003840E2 /* ViewController.swift */; };
		496280062850DA87003840E2 /* Assets.xcassets in Resources */ = {isa = PBXBuildFile; fileRef = 496280052850DA87003840E2 /* Assets.xcassets */; };
		496280092850DA87003840E2 /* Main.storyboard in Resources */ = {isa = PBXBuildFile; fileRef = 496280072850DA87003840E2 /* Main.storyboard */; };
		496280112850DAA4003840E2 /* Shaders.metal in Sources */ = {isa = PBXBuildFile; fileRef = 496280102850DAA4003840E2 /* Shaders.metal */; };
		496280142850DB3D003840E2 /* Foundation.framework in Frameworks */ = {isa = PBXBuildFile; fileRef = 496280132850DB3D003840E2 /* Foundation.framework */; };
		496280162850DB41003840E2 /* QuartzCore.framework in Frameworks */ = {isa = PBXBuildFile; fileRef = 496280152850DB41003840E2 /* QuartzCore.framework */; };
		496280182850DB45003840E2 /* Metal.framework in Frameworks */ = {isa = PBXBuildFile; fileRef = 496280172850DB45003840E2 /* Metal.framework */; };
		4962801A2850DB48003840E2 /* MetalKit.framework in Frameworks */ = {isa = PBXBuildFile; fileRef = 496280192850DB48003840E2 /* MetalKit.framework */; };
/* End PBXBuildFile section */

/* Begin PBXFileReference section */
		49595E302852D92300C4143C /* Scene.swift */ = {isa = PBXFileReference; lastKnownFileType = sourcecode.swift; path = Scene.swift; sourceTree = "<group>"; };
		49595E322852D95500C4143C /* Renderer.swift */ = {isa = PBXFileReference; lastKnownFileType = sourcecode.swift; path = Renderer.swift; sourceTree = "<group>"; };
		49595E342852E42700C4143C /* Math.swift */ = {isa = PBXFileReference; lastKnownFileType = sourcecode.swift; path = Math.swift; sourceTree = "<group>"; };
		49595E362858BFB300C4143C /* BoidMesh.swift */ = {isa = PBXFileReference; lastKnownFileType = sourcecode.swift; path = BoidMesh.swift; sourceTree = "<group>"; };
		49627FFE2850DA85003840E2 /* Boids.app */ = {isa = PBXFileReference; explicitFileType = wrapper.application; includeInIndex = 0; path = Boids.app; sourceTree = BUILT_PRODUCTS_DIR; };
		496280012850DA85003840E2 /* AppDelegate.swift */ = {isa = PBXFileReference; lastKnownFileType = sourcecode.swift; path = AppDelegate.swift; sourceTree = "<group>"; };
		496280032850DA85003840E2 /* ViewController.swift */ = {isa = PBXFileReference; lastKnownFileType = sourcecode.swift; path = ViewController.swift; sourceTree = "<group>"; };
		496280052850DA87003840E2 /* Assets.xcassets */ = {isa = PBXFileReference; lastKnownFileType = folder.assetcatalog; path = Assets.xcassets; sourceTree = "<group>"; };
		496280082850DA87003840E2 /* Base */ = {isa = PBXFileReference; lastKnownFileType = file.storyboard; name = Base; path = Base.lproj/Main.storyboard; sourceTree = "<group>"; };
		4962800A2850DA87003840E2 /* Boids.entitlements */ = {isa = PBXFileReference; lastKnownFileType = text.plist.entitlements; path = Boids.entitlements; sourceTree = "<group>"; };
		496280102850DAA4003840E2 /* Shaders.metal */ = {isa = PBXFileReference; lastKnownFileType = sourcecode.metal; path = Shaders.metal; sourceTree = "<group>"; };
		496280132850DB3D003840E2 /* Foundation.framework */ = {isa = PBXFileReference; lastKnownFileType = wrapper.framework; name = Foundation.framework; path = System/Library/Frameworks/Foundation.framework; sourceTree = SDKROOT; };
		496280152850DB41003840E2 /* QuartzCore.framework */ = {isa = PBXFileReference; lastKnownFileType = wrapper.framework; name = QuartzCore.framework; path = System/Library/Frameworks/QuartzCore.framework; sourceTree = SDKROOT; };
		496280172850DB45003840E2 /* Metal.framework */ = {isa = PBXFileReference; lastKnownFileType = wrapper.framework; name = Metal.framework; path = System/Library/Frameworks/Metal.framework; sourceTree = SDKROOT; };
		496280192850DB48003840E2 /* MetalKit.framework */ = {isa = PBXFileReference; lastKnownFileType = wrapper.framework; name = MetalKit.framework; path = System/Library/Frameworks/MetalKit.framework; sourceTree = SDKROOT; };
		4962802128512A1C003840E2 /* ShaderDefinitions.h */ = {isa = PBXFileReference; lastKnownFileType = sourcecode.c.h; path = ShaderDefinitions.h; sourceTree = "<group>"; };
		4962802228512ED9003840E2 /* Boids-Bridging-Header.h */ = {isa = PBXFileReference; lastKnownFileType = sourcecode.c.h; path = "Boids-Bridging-Header.h"; sourceTree = "<group>"; };
/* End PBXFileReference section */

/* Begin PBXFrameworksBuildPhase section */
		49627FFB2850DA85003840E2 /* Frameworks */ = {
			isa = PBXFrameworksBuildPhase;
			buildActionMask = 2147483647;
			files = (
				4962801A2850DB48003840E2 /* MetalKit.framework in Frameworks */,
				496280182850DB45003840E2 /* Metal.framework in Frameworks */,
				496280162850DB41003840E2 /* QuartzCore.framework in Frameworks */,
				496280142850DB3D003840E2 /* Foundation.framework in Frameworks */,
			);
			runOnlyForDeploymentPostprocessing = 0;
		};
/* End PBXFrameworksBuildPhase section */

/* Begin PBXGroup section */
		49627FF52850DA85003840E2 = {
			isa = PBXGroup;
			children = (
				496280002850DA85003840E2 /* Boids */,
				49627FFF2850DA85003840E2 /* Products */,
				496280122850DB3D003840E2 /* Frameworks */,
			);
			sourceTree = "<group>";
		};
		49627FFF2850DA85003840E2 /* Products */ = {
			isa = PBXGroup;
			children = (
				49627FFE2850DA85003840E2 /* Boids.app */,
			);
			name = Products;
			sourceTree = "<group>";
		};
		496280002850DA85003840E2 /* Boids */ = {
			isa = PBXGroup;
			children = (
				49595E322852D95500C4143C /* Renderer.swift */,
				49595E342852E42700C4143C /* Math.swift */,
				49595E302852D92300C4143C /* Scene.swift */,
				49595E362858BFB300C4143C /* BoidMesh.swift */,
				4962802128512A1C003840E2 /* ShaderDefinitions.h */,
				496280102850DAA4003840E2 /* Shaders.metal */,
				496280052850DA87003840E2 /* Assets.xcassets */,
				496280072850DA87003840E2 /* Main.storyboard */,
				4962800A2850DA87003840E2 /* Boids.entitlements */,
				4962802228512ED9003840E2 /* Boids-Bridging-Header.h */,
				496280012850DA85003840E2 /* AppDelegate.swift */,
				496280032850DA85003840E2 /* ViewController.swift */,
			);
			path = Boids;
			sourceTree = "<group>";
		};
		496280122850DB3D003840E2 /* Frameworks */ = {
			isa = PBXGroup;
			children = (
				496280192850DB48003840E2 /* MetalKit.framework */,
				496280172850DB45003840E2 /* Metal.framework */,
				496280152850DB41003840E2 /* QuartzCore.framework */,
				496280132850DB3D003840E2 /* Foundation.framework */,
			);
			name = Frameworks;
			sourceTree = "<group>";
		};
/* End PBXGroup section */

/* Begin PBXNativeTarget section */
		49627FFD2850DA85003840E2 /* Boids */ = {
			isa = PBXNativeTarget;
			buildConfigurationList = 4962800D2850DA87003840E2 /* Build configuration list for PBXNativeTarget "Boids" */;
			buildPhases = (
				49627FFA2850DA85003840E2 /* Sources */,
				49627FFB2850DA85003840E2 /* Frameworks */,
				49627FFC2850DA85003840E2 /* Resources */,
			);
			buildRules = (
			);
			dependencies = (
			);
			name = Boids;
			productName = Boids;
			productReference = 49627FFE2850DA85003840E2 /* Boids.app */;
			productType = "com.apple.product-type.application";
		};
/* End PBXNativeTarget section */

/* Begin PBXProject section */
		49627FF62850DA85003840E2 /* Project object */ = {
			isa = PBXProject;
			attributes = {
				BuildIndependentTargetsInParallel = 1;
				LastSwiftUpdateCheck = 1340;
				LastUpgradeCheck = 1340;
				TargetAttributes = {
					49627FFD2850DA85003840E2 = {
						CreatedOnToolsVersion = 13.4.1;
						LastSwiftMigration = 1340;
					};
				};
			};
			buildConfigurationList = 49627FF92850DA85003840E2 /* Build configuration list for PBXProject "Boids" */;
			compatibilityVersion = "Xcode 13.0";
			developmentRegion = en;
			hasScannedForEncodings = 0;
			knownRegions = (
				en,
				Base,
			);
			mainGroup = 49627FF52850DA85003840E2;
			productRefGroup = 49627FFF2850DA85003840E2 /* Products */;
			projectDirPath = "";
			projectRoot = "";
			targets = (
				49627FFD2850DA85003840E2 /* Boids */,
			);
		};
/* End PBXProject section */

/* Begin PBXResourcesBuildPhase section */
		49627FFC2850DA85003840E2 /* Resources */ = {
			isa = PBXResourcesBuildPhase;
			buildActionMask = 2147483647;
			files = (
				496280062850DA87003840E2 /* Assets.xcassets in Resources */,
				496280092850DA87003840E2 /* Main.storyboard in Resources */,
			);
			runOnlyForDeploymentPostprocessing = 0;
		};
/* End PBXResourcesBuildPhase section */

/* Begin PBXSourcesBuildPhase section */
		49627FFA2850DA85003840E2 /* Sources */ = {
			isa = PBXSourcesBuildPhase;
			buildActionMask = 2147483647;
			files = (
				49595E332852D95500C4143C /* Renderer.swift in Sources */,
				496280112850DAA4003840E2 /* Shaders.metal in Sources */,
				49595E312852D92300C4143C /* Scene.swift in Sources */,
				496280042850DA85003840E2 /* ViewController.swift in Sources */,
				49595E372858BFB300C4143C /* BoidMesh.swift in Sources */,
				496280022850DA85003840E2 /* AppDelegate.swift in Sources */,
				49595E352852E42700C4143C /* Math.swift in Sources */,
			);
			runOnlyForDeploymentPostprocessing = 0;
		};
/* End PBXSourcesBuildPhase section */

/* Begin PBXVariantGroup section */
		496280072850DA87003840E2 /* Main.storyboard */ = {
			isa = PBXVariantGroup;
			children = (
				496280082850DA87003840E2 /* Base */,
			);
			name = Main.storyboard;
			sourceTree = "<group>";
		};
/* End PBXVariantGroup section */

/* Begin XCBuildConfiguration section */
		4962800B2850DA87003840E2 /* Debug */ = {
			isa = XCBuildConfiguration;
			buildSettings = {
				ALWAYS_SEARCH_USER_PATHS = NO;
				CLANG_ANALYZER_NONNULL = YES;
				CLANG_ANALYZER_NUMBER_OBJECT_CONVERSION = YES_AGGRESSIVE;
				CLANG_CXX_LANGUAGE_STANDARD = "gnu++17";
				CLANG_ENABLE_MODULES = YES;
				CLANG_ENABLE_OBJC_ARC = YES;
				CLANG_ENABLE_OBJC_WEAK = YES;
				CLANG_WARN_BLOCK_CAPTURE_AUTORELEASING = YES;
				CLANG_WARN_BOOL_CONVERSION = YES;
				CLANG_WARN_COMMA = YES;
				CLANG_WARN_CONSTANT_CONVERSION = YES;
				CLANG_WARN_DEPRECATED_OBJC_IMPLEMENTATIONS = YES;
				CLANG_WARN_DIRECT_OBJC_ISA_USAGE = YES_ERROR;
				CLANG_WARN_DOCUMENTATION_COMMENTS = YES;
				CLANG_WARN_EMPTY_BODY = YES;
				CLANG_WARN_ENUM_CONVERSION = YES;
				CLANG_WARN_INFINITE_RECURSION = YES;
				CLANG_WARN_INT_CONVERSION = YES;
				CLANG_WARN_NON_LITERAL_NULL_CONVERSION = YES;
				CLANG_WARN_OBJC_IMPLICIT_RETAIN_SELF = YES;
				CLANG_WARN_OBJC_LITERAL_CONVERSION = YES;
				CLANG_WARN_OBJC_ROOT_CLASS = YES_ERROR;
				CLANG_WARN_QUOTED_INCLUDE_IN_FRAMEWORK_HEADER = YES;
				CLANG_WARN_RANGE_LOOP_ANALYSIS = YES;
				CLANG_WARN_STRICT_PROTOTYPES = YES;
				CLANG_WARN_SUSPICIOUS_MOVE = YES;
				CLANG_WARN_UNGUARDED_AVAILABILITY = YES_AGGRESSIVE;
				CLANG_WARN_UNREACHABLE_CODE = YES;
				CLANG_WARN__DUPLICATE_METHOD_MATCH = YES;
				COPY_PHASE_STRIP = NO;
				DEBUG_INFORMATION_FORMAT = dwarf;
				ENABLE_STRICT_OBJC_MSGSEND = YES;
				ENABLE_TESTABILITY = YES;
				GCC_C_LANGUAGE_STANDARD = gnu11;
				GCC_DYNAMIC_NO_PIC = NO;
				GCC_NO_COMMON_BLOCKS = YES;
				GCC_OPTIMIZATION_LEVEL = 0;
				GCC_PREPROCESSOR_DEFINITIONS = (
					"DEBUG=1",
					"$(inherited)",
				);
				GCC_WARN_64_TO_32_BIT_CONVERSION = YES;
				GCC_WARN_ABOUT_RETURN_TYPE = YES_ERROR;
				GCC_WARN_UNDECLARED_SELECTOR = YES;
				GCC_WARN_UNINITIALIZED_AUTOS = YES_AGGRESSIVE;
				GCC_WARN_UNUSED_FUNCTION = YES;
				GCC_WARN_UNUSED_VARIABLE = YES;
				MACOSX_DEPLOYMENT_TARGET = 12.3;
				MTL_ENABLE_DEBUG_INFO = INCLUDE_SOURCE;
				MTL_FAST_MATH = YES;
				ONLY_ACTIVE_ARCH = YES;
				SDKROOT = macosx;
				SWIFT_ACTIVE_COMPILATION_CONDITIONS = DEBUG;
				SWIFT_OPTIMIZATION_LEVEL = "-Onone";
			};
			name = Debug;
		};
		4962800C2850DA87003840E2 /* Release */ = {
			isa = XCBuildConfiguration;
			buildSettings = {
				ALWAYS_SEARCH_USER_PATHS = NO;
				CLANG_ANALYZER_NONNULL = YES;
				CLANG_ANALYZER_NUMBER_OBJECT_CONVERSION = YES_AGGRESSIVE;
				CLANG_CXX_LANGUAGE_STANDARD = "gnu++17";
				CLANG_ENABLE_MODULES = YES;
				CLANG_ENABLE_OBJC_ARC = YES;
				CLANG_ENABLE_OBJC_WEAK = YES;
				CLANG_WARN_BLOCK_CAPTURE_AUTORELEASING = YES;
				CLANG_WARN_BOOL_CONVERSION = YES;
				CLANG_WARN_COMMA = YES;
				CLANG_WARN_CONSTANT_CONVERSION = YES;
				CLANG_WARN_DEPRECATED_OBJC_IMPLEMENTATIONS = YES;
				CLANG_WARN_DIRECT_OBJC_ISA_USAGE = YES_ERROR;
				CLANG_WARN_DOCUMENTATION_COMMENTS = YES;
				CLANG_WARN_EMPTY_BODY = YES;
				CLANG_WARN_ENUM_CONVERSION = YES;
				CLANG_WARN_INFINITE_RECURSION = YES;
				CLANG_WARN_INT_CONVERSION = YES;
				CLANG_WARN_NON_LITERAL_NULL_CONVERSION = YES;
				CLANG_WARN_OBJC_IMPLICIT_RETAIN_SELF = YES;
				CLANG_WARN_OBJC_LITERAL_CONVERSION = YES;
				CLANG_WARN_OBJC_ROOT_CLASS = YES_ERROR;
				CLANG_WARN_QUOTED_INCLUDE_IN_FRAMEWORK_HEADER = YES;
				CLANG_WARN_RANGE_LOOP_ANALYSIS = YES;
				CLANG_WARN_STRICT_PROTOTYPES = YES;
				CLANG_WARN_SUSPICIOUS_MOVE = YES;
				CLANG_WARN_UNGUARDED_AVAILABILITY = YES_AGGRESSIVE;
				CLANG_WARN_UNREACHABLE_CODE = YES;
				CLANG_WARN__DUPLICATE_METHOD_MATCH = YES;
				COPY_PHASE_STRIP = NO;
				DEBUG_INFORMATION_FORMAT = "dwarf-with-dsym";
				ENABLE_NS_ASSERTIONS = NO;
				ENABLE_STRICT_OBJC_MSGSEND = YES;
				GCC_C_LANGUAGE_STANDARD = gnu11;
				GCC_NO_COMMON_BLOCKS = YES;
				GCC_WARN_64_TO_32_BIT_CONVERSION = YES;
				GCC_WARN_ABOUT_RETURN_TYPE = YES_ERROR;
				GCC_WARN_UNDECLARED_SELECTOR = YES;
				GCC_WARN_UNINITIALIZED_AUTOS = YES_AGGRESSIVE;
				GCC_WARN_UNUSED_FUNCTION = YES;
				GCC_WARN_UNUSED_VARIABLE = YES;
				MACOSX_DEPLOYMENT_TARGET = 12.3;
				MTL_ENABLE_DEBUG_INFO = NO;
				MTL_FAST_MATH = YES;
				SDKROOT = macosx;
				SWIFT_COMPILATION_MODE = wholemodule;
				SWIFT_OPTIMIZATION_LEVEL = "-O";
			};
			name = Release;
		};
		4962800E2850DA87003840E2 /* Debug */ = {
			isa = XCBuildConfiguration;
			buildSettings = {
				ASSETCATALOG_COMPILER_APPICON_NAME = AppIcon;
				ASSETCATALOG_COMPILER_GLOBAL_ACCENT_COLOR_NAME = AccentColor;
				CLANG_ENABLE_MODULES = YES;
				CODE_SIGN_ENTITLEMENTS = Boids/Boids.entitlements;
				CODE_SIGN_STYLE = Automatic;
				COMBINE_HIDPI_IMAGES = YES;
				CURRENT_PROJECT_VERSION = 1;
				GENERATE_INFOPLIST_FILE = YES;
				HEADER_SEARCH_PATHS = (
					"$(PROJECT_DIR)/metal-cpp-extensions",
					"$(PROJECT_DIR)/metal-cpp",
					"$(PROJECT_DIR)/Boids",
					/Users/kjbrooks/Documents/Boids/Boids/ShaderDefinitions.h,
				);
				INFOPLIST_KEY_NSHumanReadableCopyright = "";
				INFOPLIST_KEY_NSMainStoryboardFile = Main;
				INFOPLIST_KEY_NSPrincipalClass = NSApplication;
				LD_RUNPATH_SEARCH_PATHS = (
					"$(inherited)",
					"@executable_path/../Frameworks",
				);
				MARKETING_VERSION = 1.0;
				PRODUCT_BUNDLE_IDENTIFIER = com.brooks.Boids;
				PRODUCT_NAME = "$(TARGET_NAME)";
				SWIFT_EMIT_LOC_STRINGS = YES;
				SWIFT_OBJC_BRIDGING_HEADER = "/Users/kjbrooks/Documents/Boids/Boids/Boids-Bridging-Header.h";
				SWIFT_OPTIMIZATION_LEVEL = "-Onone";
				SWIFT_VERSION = 5.0;
			};
			name = Debug;
		};
		4962800F2850DA87003840E2 /* Release */ = {
			isa = XCBuildConfiguration;
			buildSettings = {
				ASSETCATALOG_COMPILER_APPICON_NAME = AppIcon;
				ASSETCATALOG_COMPILER_GLOBAL_ACCENT_COLOR_NAME = AccentColor;
				CLANG_ENABLE_MODULES = YES;
				CODE_SIGN_ENTITLEMENTS = Boids/Boids.entitlements;
				CODE_SIGN_STYLE = Automatic;
				COMBINE_HIDPI_IMAGES = YES;
				CURRENT_PROJECT_VERSION = 1;
				GENERATE_INFOPLIST_FILE = YES;
				HEADER_SEARCH_PATHS = (
					"$(PROJECT_DIR)/metal-cpp-extensions",
					"$(PROJECT_DIR)/metal-cpp",
					"$(PROJECT_DIR)/Boids",
					/Users/kjbrooks/Documents/Boids/Boids/ShaderDefinitions.h,
				);
				INFOPLIST_KEY_NSHumanReadableCopyright = "";
				INFOPLIST_KEY_NSMainStoryboardFile = Main;
				INFOPLIST_KEY_NSPrincipalClass = NSApplication;
				LD_RUNPATH_SEARCH_PATHS = (
					"$(inherited)",
					"@executable_path/../Frameworks",
				);
				MARKETING_VERSION = 1.0;
				PRODUCT_BUNDLE_IDENTIFIER = com.brooks.Boids;
				PRODUCT_NAME = "$(TARGET_NAME)";
				SWIFT_EMIT_LOC_STRINGS = YES;
				SWIFT_OBJC_BRIDGING_HEADER = "/Users/kjbrooks/Documents/Boids/Boids/Boids-Bridging-Header.h";
				SWIFT_VERSION = 5.0;
			};
			name = Release;
		};
/* End XCBuildConfiguration section */

/* Begin XCConfigurationList section */
		49627FF92850DA85003840E2 /* Build configuration list for PBXProject "Boids" */ = {
			isa = XCConfigurationList;
			buildConfigurations = (
				4962800B2850DA87003840E2 /* Debug */,
				4962800C2850DA87003840E2 /* Release */,
			);
			defaultConfigurationIsVisible = 0;
			defaultConfigurationName = Release;
		};
		4962800D2850DA87003840E2 /* Build configuration list for PBXNativeTarget "Boids" */ = {
			isa = XCConfigurationList;
			buildConfigurations = (
				4962800E2850DA87003840E2 /* Debug */,
				4962800F2850DA87003840E2 /* Release */,
			);
			defaultConfigurationIsVisible = 0;
			defaultConfigurationName = Release;
		};
/* End XCConfigurationList section */
	};
	rootObject = 49627FF62850DA85003840E2 /* Project object */;
}
